
Microsoft Visual Studio Solution File, Format Version 12.00
# Visual Studio 15
VisualStudioVersion = 15.0.28307.136
MinimumVisualStudioVersion = 10.0.40219.1
Project("{FAE04EC0-301F-11D3-BF4B-00C04F79EFBC}") = "LibraryAPI", "LibraryAPI\LibraryAPI.csproj", "{BE745FA8-9B95-4FF4-A0CE-A199B6A589BF}"
EndProject
Global
	GlobalSection(SolutionConfigurationPlatforms) = preSolution
		Debug|Any CPU = Debug|Any CPU
		Release|Any CPU = Release|Any CPU
	EndGlobalSection
	GlobalSection(ProjectConfigurationPlatforms) = postSolution
		{BE745FA8-9B95-4FF4-A0CE-A199B6A589BF}.Debug|Any CPU.ActiveCfg = Debug|Any CPU
		{BE745FA8-9B95-4FF4-A0CE-A199B6A589BF}.Debug|Any CPU.Build.0 = Debug|Any CPU
		{BE745FA8-9B95-4FF4-A0CE-A199B6A589BF}.Release|Any CPU.ActiveCfg = Release|Any CPU
		{BE745FA8-9B95-4FF4-A0CE-A199B6A589BF}.Release|Any CPU.Build.0 = Release|Any CPU
	EndGlobalSection
	GlobalSection(SolutionProperties) = preSolution
		HideSolutionNode = FALSE
	EndGlobalSection
	GlobalSection(ExtensibilityGlobals) = postSolution
		SolutionGuid = {C16B50B5-7E93-4FF4-B1EE-EC07BD48FC04}
	EndGlobalSection
EndGlobal
